// !$*UTF8*$!
{
	archiveVersion = 1;
	classes = {
	};
	objectVersion = 50;
	objects = {

/* Begin PBXBuildFile section */
		45E1A14D25B5B6AC00B0A762 /* CanvasApp.swift in Sources */ = {isa = PBXBuildFile; fileRef = 45E1A14C25B5B6AC00B0A762 /* CanvasApp.swift */; };
		45E1A14F25B5B6AC00B0A762 /* ContentView.swift in Sources */ = {isa = PBXBuildFile; fileRef = 45E1A14E25B5B6AC00B0A762 /* ContentView.swift */; };
		45E1A15125B5B6AD00B0A762 /* Assets.xcassets in Resources */ = {isa = PBXBuildFile; fileRef = 45E1A15025B5B6AD00B0A762 /* Assets.xcassets */; };
		45E1A15425B5B6AD00B0A762 /* Preview Assets.xcassets in Resources */ = {isa = PBXBuildFile; fileRef = 45E1A15325B5B6AD00B0A762 /* Preview Assets.xcassets */; };
		45E1A15F25B5B6AD00B0A762 /* CanvasTests.swift in Sources */ = {isa = PBXBuildFile; fileRef = 45E1A15E25B5B6AD00B0A762 /* CanvasTests.swift */; };
		45E1A16A25B5B6AD00B0A762 /* CanvasUITests.swift in Sources */ = {isa = PBXBuildFile; fileRef = 45E1A16925B5B6AD00B0A762 /* CanvasUITests.swift */; };
		45E1A17B25B5C8E100B0A762 /* CircleImage.swift in Sources */ = {isa = PBXBuildFile; fileRef = 45E1A17A25B5C8E100B0A762 /* CircleImage.swift */; };
		45E1A18025B5CA3000B0A762 /* MapView.swift in Sources */ = {isa = PBXBuildFile; fileRef = 45E1A17F25B5CA3000B0A762 /* MapView.swift */; };
		45E1A18525B5D04000B0A762 /* landmarkData.json in Resources */ = {isa = PBXBuildFile; fileRef = 45E1A18425B5D04000B0A762 /* landmarkData.json */; };
		45E1A18A25B5D05900B0A762 /* Landmark.swift in Sources */ = {isa = PBXBuildFile; fileRef = 45E1A18925B5D05900B0A762 /* Landmark.swift */; };
		45E1A18F25B5D2FB00B0A762 /* ModelData.swift in Sources */ = {isa = PBXBuildFile; fileRef = 45E1A18E25B5D2FB00B0A762 /* ModelData.swift */; };
		45E1A19725B5D57300B0A762 /* LandmarkRow.swift in Sources */ = {isa = PBXBuildFile; fileRef = 45E1A19625B5D57300B0A762 /* LandmarkRow.swift */; };
		45E1A19F25B5D98300B0A762 /* LandmarksList.swift in Sources */ = {isa = PBXBuildFile; fileRef = 45E1A19E25B5D98300B0A762 /* LandmarksList.swift */; };
		45E1A1A425B5DC5600B0A762 /* LandmarkDetail.swift in Sources */ = {isa = PBXBuildFile; fileRef = 45E1A1A325B5DC5600B0A762 /* LandmarkDetail.swift */; };
/* End PBXBuildFile section */

/* Begin PBXContainerItemProxy section */
		45E1A15B25B5B6AD00B0A762 /* PBXContainerItemProxy */ = {
			isa = PBXContainerItemProxy;
			containerPortal = 45E1A14125B5B6AC00B0A762 /* Project object */;
			proxyType = 1;
			remoteGlobalIDString = 45E1A14825B5B6AC00B0A762;
			remoteInfo = Canvas;
		};
		45E1A16625B5B6AD00B0A762 /* PBXContainerItemProxy */ = {
			isa = PBXContainerItemProxy;
			containerPortal = 45E1A14125B5B6AC00B0A762 /* Project object */;
			proxyType = 1;
			remoteGlobalIDString = 45E1A14825B5B6AC00B0A762;
			remoteInfo = Canvas;
		};
/* End PBXContainerItemProxy section */

/* Begin PBXFileReference section */
		45E1A14925B5B6AC00B0A762 /* Canvas.app */ = {isa = PBXFileReference; explicitFileType = wrapper.application; includeInIndex = 0; path = Canvas.app; sourceTree = BUILT_PRODUCTS_DIR; };
		45E1A14C25B5B6AC00B0A762 /* CanvasApp.swift */ = {isa = PBXFileReference; lastKnownFileType = sourcecode.swift; path = CanvasApp.swift; sourceTree = "<group>"; };
		45E1A14E25B5B6AC00B0A762 /* ContentView.swift */ = {isa = PBXFileReference; lastKnownFileType = sourcecode.swift; path = ContentView.swift; sourceTree = "<group>"; };
		45E1A15025B5B6AD00B0A762 /* Assets.xcassets */ = {isa = PBXFileReference; lastKnownFileType = folder.assetcatalog; path = Assets.xcassets; sourceTree = "<group>"; };
		45E1A15325B5B6AD00B0A762 /* Preview Assets.xcassets */ = {isa = PBXFileReference; lastKnownFileType = folder.assetcatalog; path = "Preview Assets.xcassets"; sourceTree = "<group>"; };
		45E1A15525B5B6AD00B0A762 /* Info.plist */ = {isa = PBXFileReference; lastKnownFileType = text.plist.xml; path = Info.plist; sourceTree = "<group>"; };
		45E1A15A25B5B6AD00B0A762 /* CanvasTests.xctest */ = {isa = PBXFileReference; explicitFileType = wrapper.cfbundle; includeInIndex = 0; path = CanvasTests.xctest; sourceTree = BUILT_PRODUCTS_DIR; };
		45E1A15E25B5B6AD00B0A762 /* CanvasTests.swift */ = {isa = PBXFileReference; lastKnownFileType = sourcecode.swift; path = CanvasTests.swift; sourceTree = "<group>"; };
		45E1A16025B5B6AD00B0A762 /* Info.plist */ = {isa = PBXFileReference; lastKnownFileType = text.plist.xml; path = Info.plist; sourceTree = "<group>"; };
		45E1A16525B5B6AD00B0A762 /* CanvasUITests.xctest */ = {isa = PBXFileReference; explicitFileType = wrapper.cfbundle; includeInIndex = 0; path = CanvasUITests.xctest; sourceTree = BUILT_PRODUCTS_DIR; };
		45E1A16925B5B6AD00B0A762 /* CanvasUITests.swift */ = {isa = PBXFileReference; lastKnownFileType = sourcecode.swift; path = CanvasUITests.swift; sourceTree = "<group>"; };
		45E1A16B25B5B6AD00B0A762 /* Info.plist */ = {isa = PBXFileReference; lastKnownFileType = text.plist.xml; path = Info.plist; sourceTree = "<group>"; };
		45E1A17A25B5C8E100B0A762 /* CircleImage.swift */ = {isa = PBXFileReference; lastKnownFileType = sourcecode.swift; path = CircleImage.swift; sourceTree = "<group>"; };
		45E1A17F25B5CA3000B0A762 /* MapView.swift */ = {isa = PBXFileReference; lastKnownFileType = sourcecode.swift; path = MapView.swift; sourceTree = "<group>"; };
		45E1A18425B5D04000B0A762 /* landmarkData.json */ = {isa = PBXFileReference; fileEncoding = 4; lastKnownFileType = text.json; path = landmarkData.json; sourceTree = "<group>"; };
		45E1A18925B5D05900B0A762 /* Landmark.swift */ = {isa = PBXFileReference; lastKnownFileType = sourcecode.swift; path = Landmark.swift; sourceTree = "<group>"; };
		45E1A18E25B5D2FB00B0A762 /* ModelData.swift */ = {isa = PBXFileReference; lastKnownFileType = sourcecode.swift; path = ModelData.swift; sourceTree = "<group>"; };
		45E1A19625B5D57300B0A762 /* LandmarkRow.swift */ = {isa = PBXFileReference; lastKnownFileType = sourcecode.swift; path = LandmarkRow.swift; sourceTree = "<group>"; };
		45E1A19E25B5D98300B0A762 /* LandmarksList.swift */ = {isa = PBXFileReference; lastKnownFileType = sourcecode.swift; path = LandmarksList.swift; sourceTree = "<group>"; };
		45E1A1A325B5DC5600B0A762 /* LandmarkDetail.swift */ = {isa = PBXFileReference; lastKnownFileType = sourcecode.swift; path = LandmarkDetail.swift; sourceTree = "<group>"; };
/* End PBXFileReference section */

/* Begin PBXFrameworksBuildPhase section */
		45E1A14625B5B6AC00B0A762 /* Frameworks */ = {
			isa = PBXFrameworksBuildPhase;
			buildActionMask = 2147483647;
			files = (
			);
			runOnlyForDeploymentPostprocessing = 0;
		};
		45E1A15725B5B6AD00B0A762 /* Frameworks */ = {
			isa = PBXFrameworksBuildPhase;
			buildActionMask = 2147483647;
			files = (
			);
			runOnlyForDeploymentPostprocessing = 0;
		};
		45E1A16225B5B6AD00B0A762 /* Frameworks */ = {
			isa = PBXFrameworksBuildPhase;
			buildActionMask = 2147483647;
			files = (
			);
			runOnlyForDeploymentPostprocessing = 0;
		};
/* End PBXFrameworksBuildPhase section */

/* Begin PBXGroup section */
		45E1A14025B5B6AC00B0A762 = {
			isa = PBXGroup;
			children = (
				45E1A14B25B5B6AC00B0A762 /* Canvas */,
				45E1A15D25B5B6AD00B0A762 /* CanvasTests */,
				45E1A16825B5B6AD00B0A762 /* CanvasUITests */,
				45E1A14A25B5B6AC00B0A762 /* Products */,
			);
			sourceTree = "<group>";
		};
		45E1A14A25B5B6AC00B0A762 /* Products */ = {
			isa = PBXGroup;
			children = (
				45E1A14925B5B6AC00B0A762 /* Canvas.app */,
				45E1A15A25B5B6AD00B0A762 /* CanvasTests.xctest */,
				45E1A16525B5B6AD00B0A762 /* CanvasUITests.xctest */,
			);
			name = Products;
			sourceTree = "<group>";
		};
		45E1A14B25B5B6AC00B0A762 /* Canvas */ = {
			isa = PBXGroup;
			children = (
				45E1A14C25B5B6AC00B0A762 /* CanvasApp.swift */,
				45E1A19425B5D44F00B0A762 /* Views */,
				45E1A19325B5D42C00B0A762 /* Model */,
				45E1A19525B5D46B00B0A762 /* Resources */,
				45E1A15025B5B6AD00B0A762 /* Assets.xcassets */,
				45E1A15525B5B6AD00B0A762 /* Info.plist */,
				45E1A15225B5B6AD00B0A762 /* Preview Content */,
			);
			path = Canvas;
			sourceTree = "<group>";
		};
		45E1A15225B5B6AD00B0A762 /* Preview Content */ = {
			isa = PBXGroup;
			children = (
				45E1A15325B5B6AD00B0A762 /* Preview Assets.xcassets */,
			);
			path = "Preview Content";
			sourceTree = "<group>";
		};
		45E1A15D25B5B6AD00B0A762 /* CanvasTests */ = {
			isa = PBXGroup;
			children = (
				45E1A15E25B5B6AD00B0A762 /* CanvasTests.swift */,
				45E1A16025B5B6AD00B0A762 /* Info.plist */,
			);
			path = CanvasTests;
			sourceTree = "<group>";
		};
		45E1A16825B5B6AD00B0A762 /* CanvasUITests */ = {
			isa = PBXGroup;
			children = (
				45E1A16925B5B6AD00B0A762 /* CanvasUITests.swift */,
				45E1A16B25B5B6AD00B0A762 /* Info.plist */,
			);
			path = CanvasUITests;
			sourceTree = "<group>";
		};
		45E1A19325B5D42C00B0A762 /* Model */ = {
			isa = PBXGroup;
			children = (
				45E1A18E25B5D2FB00B0A762 /* ModelData.swift */,
				45E1A18925B5D05900B0A762 /* Landmark.swift */,
			);
			path = Model;
			sourceTree = "<group>";
		};
		45E1A19425B5D44F00B0A762 /* Views */ = {
			isa = PBXGroup;
			children = (
				45E1A14E25B5B6AC00B0A762 /* ContentView.swift */,
				45E1A17A25B5C8E100B0A762 /* CircleImage.swift */,
				45E1A19625B5D57300B0A762 /* LandmarkRow.swift */,
				45E1A17F25B5CA3000B0A762 /* MapView.swift */,
				45E1A19E25B5D98300B0A762 /* LandmarksList.swift */,
				45E1A1A325B5DC5600B0A762 /* LandmarkDetail.swift */,
			);
			path = Views;
			sourceTree = "<group>";
		};
		45E1A19525B5D46B00B0A762 /* Resources */ = {
			isa = PBXGroup;
			children = (
				45E1A18425B5D04000B0A762 /* landmarkData.json */,
			);
			path = Resources;
			sourceTree = "<group>";
		};
/* End PBXGroup section */

/* Begin PBXNativeTarget section */
		45E1A14825B5B6AC00B0A762 /* Canvas */ = {
			isa = PBXNativeTarget;
			buildConfigurationList = 45E1A16E25B5B6AD00B0A762 /* Build configuration list for PBXNativeTarget "Canvas" */;
			buildPhases = (
				45E1A14525B5B6AC00B0A762 /* Sources */,
				45E1A14625B5B6AC00B0A762 /* Frameworks */,
				45E1A14725B5B6AC00B0A762 /* Resources */,
			);
			buildRules = (
			);
			dependencies = (
			);
			name = Canvas;
			productName = Canvas;
			productReference = 45E1A14925B5B6AC00B0A762 /* Canvas.app */;
			productType = "com.apple.product-type.application";
		};
		45E1A15925B5B6AD00B0A762 /* CanvasTests */ = {
			isa = PBXNativeTarget;
			buildConfigurationList = 45E1A17125B5B6AD00B0A762 /* Build configuration list for PBXNativeTarget "CanvasTests" */;
			buildPhases = (
				45E1A15625B5B6AD00B0A762 /* Sources */,
				45E1A15725B5B6AD00B0A762 /* Frameworks */,
				45E1A15825B5B6AD00B0A762 /* Resources */,
			);
			buildRules = (
			);
			dependencies = (
				45E1A15C25B5B6AD00B0A762 /* PBXTargetDependency */,
			);
			name = CanvasTests;
			productName = CanvasTests;
			productReference = 45E1A15A25B5B6AD00B0A762 /* CanvasTests.xctest */;
			productType = "com.apple.product-type.bundle.unit-test";
		};
		45E1A16425B5B6AD00B0A762 /* CanvasUITests */ = {
			isa = PBXNativeTarget;
			buildConfigurationList = 45E1A17425B5B6AD00B0A762 /* Build configuration list for PBXNativeTarget "CanvasUITests" */;
			buildPhases = (
				45E1A16125B5B6AD00B0A762 /* Sources */,
				45E1A16225B5B6AD00B0A762 /* Frameworks */,
				45E1A16325B5B6AD00B0A762 /* Resources */,
			);
			buildRules = (
			);
			dependencies = (
				45E1A16725B5B6AD00B0A762 /* PBXTargetDependency */,
			);
			name = CanvasUITests;
			productName = CanvasUITests;
			productReference = 45E1A16525B5B6AD00B0A762 /* CanvasUITests.xctest */;
			productType = "com.apple.product-type.bundle.ui-testing";
		};
/* End PBXNativeTarget section */

/* Begin PBXProject section */
		45E1A14125B5B6AC00B0A762 /* Project object */ = {
			isa = PBXProject;
			attributes = {
				LastSwiftUpdateCheck = 1230;
				LastUpgradeCheck = 1230;
				TargetAttributes = {
					45E1A14825B5B6AC00B0A762 = {
						CreatedOnToolsVersion = 12.3;
					};
					45E1A15925B5B6AD00B0A762 = {
						CreatedOnToolsVersion = 12.3;
						TestTargetID = 45E1A14825B5B6AC00B0A762;
					};
					45E1A16425B5B6AD00B0A762 = {
						CreatedOnToolsVersion = 12.3;
						TestTargetID = 45E1A14825B5B6AC00B0A762;
					};
				};
			};
			buildConfigurationList = 45E1A14425B5B6AC00B0A762 /* Build configuration list for PBXProject "Canvas" */;
			compatibilityVersion = "Xcode 9.3";
			developmentRegion = en;
			hasScannedForEncodings = 0;
			knownRegions = (
				en,
				Base,
			);
			mainGroup = 45E1A14025B5B6AC00B0A762;
			productRefGroup = 45E1A14A25B5B6AC00B0A762 /* Products */;
			projectDirPath = "";
			projectRoot = "";
			targets = (
				45E1A14825B5B6AC00B0A762 /* Canvas */,
				45E1A15925B5B6AD00B0A762 /* CanvasTests */,
				45E1A16425B5B6AD00B0A762 /* CanvasUITests */,
			);
		};
/* End PBXProject section */

/* Begin PBXResourcesBuildPhase section */
		45E1A14725B5B6AC00B0A762 /* Resources */ = {
			isa = PBXResourcesBuildPhase;
			buildActionMask = 2147483647;
			files = (
				45E1A15425B5B6AD00B0A762 /* Preview Assets.xcassets in Resources */,
				45E1A15125B5B6AD00B0A762 /* Assets.xcassets in Resources */,
				45E1A18525B5D04000B0A762 /* landmarkData.json in Resources */,
			);
			runOnlyForDeploymentPostprocessing = 0;
		};
		45E1A15825B5B6AD00B0A762 /* Resources */ = {
			isa = PBXResourcesBuildPhase;
			buildActionMask = 2147483647;
			files = (
			);
			runOnlyForDeploymentPostprocessing = 0;
		};
		45E1A16325B5B6AD00B0A762 /* Resources */ = {
			isa = PBXResourcesBuildPhase;
			buildActionMask = 2147483647;
			files = (
			);
			runOnlyForDeploymentPostprocessing = 0;
		};
/* End PBXResourcesBuildPhase section */

/* Begin PBXSourcesBuildPhase section */
		45E1A14525B5B6AC00B0A762 /* Sources */ = {
			isa = PBXSourcesBuildPhase;
			buildActionMask = 2147483647;
			files = (
				45E1A14F25B5B6AC00B0A762 /* ContentView.swift in Sources */,
				45E1A18025B5CA3000B0A762 /* MapView.swift in Sources */,
				45E1A14D25B5B6AC00B0A762 /* CanvasApp.swift in Sources */,
				45E1A17B25B5C8E100B0A762 /* CircleImage.swift in Sources */,
				45E1A1A425B5DC5600B0A762 /* LandmarkDetail.swift in Sources */,
				45E1A18A25B5D05900B0A762 /* Landmark.swift in Sources */,
				45E1A19725B5D57300B0A762 /* LandmarkRow.swift in Sources */,
				45E1A18F25B5D2FB00B0A762 /* ModelData.swift in Sources */,
				45E1A19F25B5D98300B0A762 /* LandmarksList.swift in Sources */,
			);
			runOnlyForDeploymentPostprocessing = 0;
		};
		45E1A15625B5B6AD00B0A762 /* Sources */ = {
			isa = PBXSourcesBuildPhase;
			buildActionMask = 2147483647;
			files = (
				45E1A15F25B5B6AD00B0A762 /* CanvasTests.swift in Sources */,
			);
			runOnlyForDeploymentPostprocessing = 0;
		};
		45E1A16125B5B6AD00B0A762 /* Sources */ = {
			isa = PBXSourcesBuildPhase;
			buildActionMask = 2147483647;
			files = (
				45E1A16A25B5B6AD00B0A762 /* CanvasUITests.swift in Sources */,
			);
			runOnlyForDeploymentPostprocessing = 0;
		};
/* End PBXSourcesBuildPhase section */

/* Begin PBXTargetDependency section */
		45E1A15C25B5B6AD00B0A762 /* PBXTargetDependency */ = {
			isa = PBXTargetDependency;
			target = 45E1A14825B5B6AC00B0A762 /* Canvas */;
			targetProxy = 45E1A15B25B5B6AD00B0A762 /* PBXContainerItemProxy */;
		};
		45E1A16725B5B6AD00B0A762 /* PBXTargetDependency */ = {
			isa = PBXTargetDependency;
			target = 45E1A14825B5B6AC00B0A762 /* Canvas */;
			targetProxy = 45E1A16625B5B6AD00B0A762 /* PBXContainerItemProxy */;
		};
/* End PBXTargetDependency section */

/* Begin XCBuildConfiguration section */
		45E1A16C25B5B6AD00B0A762 /* Debug */ = {
			isa = XCBuildConfiguration;
			buildSettings = {
				ALWAYS_SEARCH_USER_PATHS = NO;
				CLANG_ANALYZER_NONNULL = YES;
				CLANG_ANALYZER_NUMBER_OBJECT_CONVERSION = YES_AGGRESSIVE;
				CLANG_CXX_LANGUAGE_STANDARD = "gnu++14";
				CLANG_CXX_LIBRARY = "libc++";
				CLANG_ENABLE_MODULES = YES;
				CLANG_ENABLE_OBJC_ARC = YES;
				CLANG_ENABLE_OBJC_WEAK = YES;
				CLANG_WARN_BLOCK_CAPTURE_AUTORELEASING = YES;
				CLANG_WARN_BOOL_CONVERSION = YES;
				CLANG_WARN_COMMA = YES;
				CLANG_WARN_CONSTANT_CONVERSION = YES;
				CLANG_WARN_DEPRECATED_OBJC_IMPLEMENTATIONS = YES;
				CLANG_WARN_DIRECT_OBJC_ISA_USAGE = YES_ERROR;
				CLANG_WARN_DOCUMENTATION_COMMENTS = YES;
				CLANG_WARN_EMPTY_BODY = YES;
				CLANG_WARN_ENUM_CONVERSION = YES;
				CLANG_WARN_INFINITE_RECURSION = YES;
				CLANG_WARN_INT_CONVERSION = YES;
				CLANG_WARN_NON_LITERAL_NULL_CONVERSION = YES;
				CLANG_WARN_OBJC_IMPLICIT_RETAIN_SELF = YES;
				CLANG_WARN_OBJC_LITERAL_CONVERSION = YES;
				CLANG_WARN_OBJC_ROOT_CLASS = YES_ERROR;
				CLANG_WARN_QUOTED_INCLUDE_IN_FRAMEWORK_HEADER = YES;
				CLANG_WARN_RANGE_LOOP_ANALYSIS = YES;
				CLANG_WARN_STRICT_PROTOTYPES = YES;
				CLANG_WARN_SUSPICIOUS_MOVE = YES;
				CLANG_WARN_UNGUARDED_AVAILABILITY = YES_AGGRESSIVE;
				CLANG_WARN_UNREACHABLE_CODE = YES;
				CLANG_WARN__DUPLICATE_METHOD_MATCH = YES;
				COPY_PHASE_STRIP = NO;
				DEBUG_INFORMATION_FORMAT = dwarf;
				ENABLE_STRICT_OBJC_MSGSEND = YES;
				ENABLE_TESTABILITY = YES;
				GCC_C_LANGUAGE_STANDARD = gnu11;
				GCC_DYNAMIC_NO_PIC = NO;
				GCC_NO_COMMON_BLOCKS = YES;
				GCC_OPTIMIZATION_LEVEL = 0;
				GCC_PREPROCESSOR_DEFINITIONS = (
					"DEBUG=1",
					"$(inherited)",
				);
				GCC_WARN_64_TO_32_BIT_CONVERSION = YES;
				GCC_WARN_ABOUT_RETURN_TYPE = YES_ERROR;
				GCC_WARN_UNDECLARED_SELECTOR = YES;
				GCC_WARN_UNINITIALIZED_AUTOS = YES_AGGRESSIVE;
				GCC_WARN_UNUSED_FUNCTION = YES;
				GCC_WARN_UNUSED_VARIABLE = YES;
				IPHONEOS_DEPLOYMENT_TARGET = 14.3;
				MTL_ENABLE_DEBUG_INFO = INCLUDE_SOURCE;
				MTL_FAST_MATH = YES;
				ONLY_ACTIVE_ARCH = YES;
				SDKROOT = iphoneos;
				SWIFT_ACTIVE_COMPILATION_CONDITIONS = DEBUG;
				SWIFT_OPTIMIZATION_LEVEL = "-Onone";
			};
			name = Debug;
		};
		45E1A16D25B5B6AD00B0A762 /* Release */ = {
			isa = XCBuildConfiguration;
			buildSettings = {
				ALWAYS_SEARCH_USER_PATHS = NO;
				CLANG_ANALYZER_NONNULL = YES;
				CLANG_ANALYZER_NUMBER_OBJECT_CONVERSION = YES_AGGRESSIVE;
				CLANG_CXX_LANGUAGE_STANDARD = "gnu++14";
				CLANG_CXX_LIBRARY = "libc++";
				CLANG_ENABLE_MODULES = YES;
				CLANG_ENABLE_OBJC_ARC = YES;
				CLANG_ENABLE_OBJC_WEAK = YES;
				CLANG_WARN_BLOCK_CAPTURE_AUTORELEASING = YES;
				CLANG_WARN_BOOL_CONVERSION = YES;
				CLANG_WARN_COMMA = YES;
				CLANG_WARN_CONSTANT_CONVERSION = YES;
				CLANG_WARN_DEPRECATED_OBJC_IMPLEMENTATIONS = YES;
				CLANG_WARN_DIRECT_OBJC_ISA_USAGE = YES_ERROR;
				CLANG_WARN_DOCUMENTATION_COMMENTS = YES;
				CLANG_WARN_EMPTY_BODY = YES;
				CLANG_WARN_ENUM_CONVERSION = YES;
				CLANG_WARN_INFINITE_RECURSION = YES;
				CLANG_WARN_INT_CONVERSION = YES;
				CLANG_WARN_NON_LITERAL_NULL_CONVERSION = YES;
				CLANG_WARN_OBJC_IMPLICIT_RETAIN_SELF = YES;
				CLANG_WARN_OBJC_LITERAL_CONVERSION = YES;
				CLANG_WARN_OBJC_ROOT_CLASS = YES_ERROR;
				CLANG_WARN_QUOTED_INCLUDE_IN_FRAMEWORK_HEADER = YES;
				CLANG_WARN_RANGE_LOOP_ANALYSIS = YES;
				CLANG_WARN_STRICT_PROTOTYPES = YES;
				CLANG_WARN_SUSPICIOUS_MOVE = YES;
				CLANG_WARN_UNGUARDED_AVAILABILITY = YES_AGGRESSIVE;
				CLANG_WARN_UNREACHABLE_CODE = YES;
				CLANG_WARN__DUPLICATE_METHOD_MATCH = YES;
				COPY_PHASE_STRIP = NO;
				DEBUG_INFORMATION_FORMAT = "dwarf-with-dsym";
				ENABLE_NS_ASSERTIONS = NO;
				ENABLE_STRICT_OBJC_MSGSEND = YES;
				GCC_C_LANGUAGE_STANDARD = gnu11;
				GCC_NO_COMMON_BLOCKS = YES;
				GCC_WARN_64_TO_32_BIT_CONVERSION = YES;
				GCC_WARN_ABOUT_RETURN_TYPE = YES_ERROR;
				GCC_WARN_UNDECLARED_SELECTOR = YES;
				GCC_WARN_UNINITIALIZED_AUTOS = YES_AGGRESSIVE;
				GCC_WARN_UNUSED_FUNCTION = YES;
				GCC_WARN_UNUSED_VARIABLE = YES;
				IPHONEOS_DEPLOYMENT_TARGET = 14.3;
				MTL_ENABLE_DEBUG_INFO = NO;
				MTL_FAST_MATH = YES;
				SDKROOT = iphoneos;
				SWIFT_COMPILATION_MODE = wholemodule;
				SWIFT_OPTIMIZATION_LEVEL = "-O";
				VALIDATE_PRODUCT = YES;
			};
			name = Release;
		};
		45E1A16F25B5B6AD00B0A762 /* Debug */ = {
			isa = XCBuildConfiguration;
			buildSettings = {
				ASSETCATALOG_COMPILER_APPICON_NAME = AppIcon;
				ASSETCATALOG_COMPILER_GLOBAL_ACCENT_COLOR_NAME = AccentColor;
				CODE_SIGN_STYLE = Automatic;
				DEVELOPMENT_ASSET_PATHS = "\"Canvas/Preview Content\"";
				DEVELOPMENT_TEAM = MFKM5NHR38;
				ENABLE_PREVIEWS = YES;
				INFOPLIST_FILE = Canvas/Info.plist;
				IPHONEOS_DEPLOYMENT_TARGET = 14.0;
				LD_RUNPATH_SEARCH_PATHS = (
					"$(inherited)",
					"@executable_path/Frameworks",
				);
				PRODUCT_BUNDLE_IDENTIFIER = MHProductions.Canvas;
				PRODUCT_NAME = "$(TARGET_NAME)";
				SWIFT_VERSION = 5.0;
				TARGETED_DEVICE_FAMILY = "1,2";
			};
			name = Debug;
		};
		45E1A17025B5B6AD00B0A762 /* Release */ = {
			isa = XCBuildConfiguration;
			buildSettings = {
				ASSETCATALOG_COMPILER_APPICON_NAME = AppIcon;
				ASSETCATALOG_COMPILER_GLOBAL_ACCENT_COLOR_NAME = AccentColor;
				CODE_SIGN_STYLE = Automatic;
				DEVELOPMENT_ASSET_PATHS = "\"Canvas/Preview Content\"";
				DEVELOPMENT_TEAM = MFKM5NHR38;
				ENABLE_PREVIEWS = YES;
				INFOPLIST_FILE = Canvas/Info.plist;
				IPHONEOS_DEPLOYMENT_TARGET = 14.0;
				LD_RUNPATH_SEARCH_PATHS = (
					"$(inherited)",
					"@executable_path/Frameworks",
				);
				PRODUCT_BUNDLE_IDENTIFIER = MHProductions.Canvas;
				PRODUCT_NAME = "$(TARGET_NAME)";
				SWIFT_VERSION = 5.0;
				TARGETED_DEVICE_FAMILY = "1,2";
			};
			name = Release;
		};
		45E1A17225B5B6AD00B0A762 /* Debug */ = {
			isa = XCBuildConfiguration;
			buildSettings = {
				ALWAYS_EMBED_SWIFT_STANDARD_LIBRARIES = YES;
				BUNDLE_LOADER = "$(TEST_HOST)";
				CODE_SIGN_STYLE = Automatic;
				DEVELOPMENT_TEAM = MFKM5NHR38;
				INFOPLIST_FILE = CanvasTests/Info.plist;
				IPHONEOS_DEPLOYMENT_TARGET = 14.0;
				LD_RUNPATH_SEARCH_PATHS = (
					"$(inherited)",
					"@executable_path/Frameworks",
					"@loader_path/Frameworks",
				);
				PRODUCT_BUNDLE_IDENTIFIER = MHProductions.CanvasTests;
				PRODUCT_NAME = "$(TARGET_NAME)";
				SWIFT_VERSION = 5.0;
				TARGETED_DEVICE_FAMILY = "1,2";
				TEST_HOST = "$(BUILT_PRODUCTS_DIR)/Canvas.app/Canvas";
			};
			name = Debug;
		};
		45E1A17325B5B6AD00B0A762 /* Release */ = {
			isa = XCBuildConfiguration;
			buildSettings = {
				ALWAYS_EMBED_SWIFT_STANDARD_LIBRARIES = YES;
				BUNDLE_LOADER = "$(TEST_HOST)";
				CODE_SIGN_STYLE = Automatic;
				DEVELOPMENT_TEAM = MFKM5NHR38;
				INFOPLIST_FILE = CanvasTests/Info.plist;
				IPHONEOS_DEPLOYMENT_TARGET = 14.0;
				LD_RUNPATH_SEARCH_PATHS = (
					"$(inherited)",
					"@executable_path/Frameworks",
					"@loader_path/Frameworks",
				);
				PRODUCT_BUNDLE_IDENTIFIER = MHProductions.CanvasTests;
				PRODUCT_NAME = "$(TARGET_NAME)";
				SWIFT_VERSION = 5.0;
				TARGETED_DEVICE_FAMILY = "1,2";
				TEST_HOST = "$(BUILT_PRODUCTS_DIR)/Canvas.app/Canvas";
			};
			name = Release;
		};
		45E1A17525B5B6AD00B0A762 /* Debug */ = {
			isa = XCBuildConfiguration;
			buildSettings = {
				ALWAYS_EMBED_SWIFT_STANDARD_LIBRARIES = YES;
				CODE_SIGN_STYLE = Automatic;
				DEVELOPMENT_TEAM = MFKM5NHR38;
				INFOPLIST_FILE = CanvasUITests/Info.plist;
				LD_RUNPATH_SEARCH_PATHS = (
					"$(inherited)",
					"@executable_path/Frameworks",
					"@loader_path/Frameworks",
				);
				PRODUCT_BUNDLE_IDENTIFIER = MHProductions.CanvasUITests;
				PRODUCT_NAME = "$(TARGET_NAME)";
				SWIFT_VERSION = 5.0;
				TARGETED_DEVICE_FAMILY = "1,2";
				TEST_TARGET_NAME = Canvas;
			};
			name = Debug;
		};
		45E1A17625B5B6AD00B0A762 /* Release */ = {
			isa = XCBuildConfiguration;
			buildSettings = {
				ALWAYS_EMBED_SWIFT_STANDARD_LIBRARIES = YES;
				CODE_SIGN_STYLE = Automatic;
				DEVELOPMENT_TEAM = MFKM5NHR38;
				INFOPLIST_FILE = CanvasUITests/Info.plist;
				LD_RUNPATH_SEARCH_PATHS = (
					"$(inherited)",
					"@executable_path/Frameworks",
					"@loader_path/Frameworks",
				);
				PRODUCT_BUNDLE_IDENTIFIER = MHProductions.CanvasUITests;
				PRODUCT_NAME = "$(TARGET_NAME)";
				SWIFT_VERSION = 5.0;
				TARGETED_DEVICE_FAMILY = "1,2";
				TEST_TARGET_NAME = Canvas;
			};
			name = Release;
		};
/* End XCBuildConfiguration section */

/* Begin XCConfigurationList section */
		45E1A14425B5B6AC00B0A762 /* Build configuration list for PBXProject "Canvas" */ = {
			isa = XCConfigurationList;
			buildConfigurations = (
				45E1A16C25B5B6AD00B0A762 /* Debug */,
				45E1A16D25B5B6AD00B0A762 /* Release */,
			);
			defaultConfigurationIsVisible = 0;
			defaultConfigurationName = Release;
		};
		45E1A16E25B5B6AD00B0A762 /* Build configuration list for PBXNativeTarget "Canvas" */ = {
			isa = XCConfigurationList;
			buildConfigurations = (
				45E1A16F25B5B6AD00B0A762 /* Debug */,
				45E1A17025B5B6AD00B0A762 /* Release */,
			);
			defaultConfigurationIsVisible = 0;
			defaultConfigurationName = Release;
		};
		45E1A17125B5B6AD00B0A762 /* Build configuration list for PBXNativeTarget "CanvasTests" */ = {
			isa = XCConfigurationList;
			buildConfigurations = (
				45E1A17225B5B6AD00B0A762 /* Debug */,
				45E1A17325B5B6AD00B0A762 /* Release */,
			);
			defaultConfigurationIsVisible = 0;
			defaultConfigurationName = Release;
		};
		45E1A17425B5B6AD00B0A762 /* Build configuration list for PBXNativeTarget "CanvasUITests" */ = {
			isa = XCConfigurationList;
			buildConfigurations = (
				45E1A17525B5B6AD00B0A762 /* Debug */,
				45E1A17625B5B6AD00B0A762 /* Release */,
			);
			defaultConfigurationIsVisible = 0;
			defaultConfigurationName = Release;
		};
/* End XCConfigurationList section */
	};
	rootObject = 45E1A14125B5B6AC00B0A762 /* Project object */;
}
